// !$*UTF8*$!
{
	archiveVersion = 1;
	classes = {
	};
	objectVersion = 56;
	objects = {

/* Begin PBXBuildFile section */
		5A78067D2BFB9A36006FE43E /* ObservedOrStateApp.swift in Sources */ = {isa = PBXBuildFile; fileRef = 5A78067C2BFB9A36006FE43E /* ObservedOrStateApp.swift */; };
		5A78067F2BFB9A36006FE43E /* ContentView.swift in Sources */ = {isa = PBXBuildFile; fileRef = 5A78067E2BFB9A36006FE43E /* ContentView.swift */; };
		5A7806812BFB9A37006FE43E /* Assets.xcassets in Resources */ = {isa = PBXBuildFile; fileRef = 5A7806802BFB9A37006FE43E /* Assets.xcassets */; };
		5A7806842BFB9A37006FE43E /* Preview Assets.xcassets in Resources */ = {isa = PBXBuildFile; fileRef = 5A7806832BFB9A37006FE43E /* Preview Assets.xcassets */; };
		5A78068E2BFB9A38006FE43E /* ObservedOrStateTests.swift in Sources */ = {isa = PBXBuildFile; fileRef = 5A78068D2BFB9A38006FE43E /* ObservedOrStateTests.swift */; };
		5A7806982BFB9A38006FE43E /* ObservedOrStateUITests.swift in Sources */ = {isa = PBXBuildFile; fileRef = 5A7806972BFB9A38006FE43E /* ObservedOrStateUITests.swift */; };
		5A78069A2BFB9A38006FE43E /* ObservedOrStateUITestsLaunchTests.swift in Sources */ = {isa = PBXBuildFile; fileRef = 5A7806992BFB9A38006FE43E /* ObservedOrStateUITestsLaunchTests.swift */; };
/* End PBXBuildFile section */

/* Begin PBXContainerItemProxy section */
		5A78068A2BFB9A38006FE43E /* PBXContainerItemProxy */ = {
			isa = PBXContainerItemProxy;
			containerPortal = 5A7806712BFB9A36006FE43E /* Project object */;
			proxyType = 1;
			remoteGlobalIDString = 5A7806782BFB9A36006FE43E;
			remoteInfo = ObservedOrState;
		};
		5A7806942BFB9A38006FE43E /* PBXContainerItemProxy */ = {
			isa = PBXContainerItemProxy;
			containerPortal = 5A7806712BFB9A36006FE43E /* Project object */;
			proxyType = 1;
			remoteGlobalIDString = 5A7806782BFB9A36006FE43E;
			remoteInfo = ObservedOrState;
		};
/* End PBXContainerItemProxy section */

/* Begin PBXFileReference section */
		5A7806792BFB9A36006FE43E /* ObservedOrState.app */ = {isa = PBXFileReference; explicitFileType = wrapper.application; includeInIndex = 0; path = ObservedOrState.app; sourceTree = BUILT_PRODUCTS_DIR; };
		5A78067C2BFB9A36006FE43E /* ObservedOrStateApp.swift */ = {isa = PBXFileReference; lastKnownFileType = sourcecode.swift; path = ObservedOrStateApp.swift; sourceTree = "<group>"; };
		5A78067E2BFB9A36006FE43E /* ContentView.swift */ = {isa = PBXFileReference; lastKnownFileType = sourcecode.swift; path = ContentView.swift; sourceTree = "<group>"; };
		5A7806802BFB9A37006FE43E /* Assets.xcassets */ = {isa = PBXFileReference; lastKnownFileType = folder.assetcatalog; path = Assets.xcassets; sourceTree = "<group>"; };
		5A7806832BFB9A37006FE43E /* Preview Assets.xcassets */ = {isa = PBXFileReference; lastKnownFileType = folder.assetcatalog; path = "Preview Assets.xcassets"; sourceTree = "<group>"; };
		5A7806892BFB9A38006FE43E /* ObservedOrStateTests.xctest */ = {isa = PBXFileReference; explicitFileType = wrapper.cfbundle; includeInIndex = 0; path = ObservedOrStateTests.xctest; sourceTree = BUILT_PRODUCTS_DIR; };
		5A78068D2BFB9A38006FE43E /* ObservedOrStateTests.swift */ = {isa = PBXFileReference; lastKnownFileType = sourcecode.swift; path = ObservedOrStateTests.swift; sourceTree = "<group>"; };
		5A7806932BFB9A38006FE43E /* ObservedOrStateUITests.xctest */ = {isa = PBXFileReference; explicitFileType = wrapper.cfbundle; includeInIndex = 0; path = ObservedOrStateUITests.xctest; sourceTree = BUILT_PRODUCTS_DIR; };
		5A7806972BFB9A38006FE43E /* ObservedOrStateUITests.swift */ = {isa = PBXFileReference; lastKnownFileType = sourcecode.swift; path = ObservedOrStateUITests.swift; sourceTree = "<group>"; };
		5A7806992BFB9A38006FE43E /* ObservedOrStateUITestsLaunchTests.swift */ = {isa = PBXFileReference; lastKnownFileType = sourcecode.swift; path = ObservedOrStateUITestsLaunchTests.swift; sourceTree = "<group>"; };
/* End PBXFileReference section */

/* Begin PBXFrameworksBuildPhase section */
		5A7806762BFB9A36006FE43E /* Frameworks */ = {
			isa = PBXFrameworksBuildPhase;
			buildActionMask = 2147483647;
			files = (
			);
			runOnlyForDeploymentPostprocessing = 0;
		};
		5A7806862BFB9A38006FE43E /* Frameworks */ = {
			isa = PBXFrameworksBuildPhase;
			buildActionMask = 2147483647;
			files = (
			);
			runOnlyForDeploymentPostprocessing = 0;
		};
		5A7806902BFB9A38006FE43E /* Frameworks */ = {
			isa = PBXFrameworksBuildPhase;
			buildActionMask = 2147483647;
			files = (
			);
			runOnlyForDeploymentPostprocessing = 0;
		};
/* End PBXFrameworksBuildPhase section */

/* Begin PBXGroup section */
		5A7806702BFB9A36006FE43E = {
			isa = PBXGroup;
			children = (
				5A78067B2BFB9A36006FE43E /* ObservedOrState */,
				5A78068C2BFB9A38006FE43E /* ObservedOrStateTests */,
				5A7806962BFB9A38006FE43E /* ObservedOrStateUITests */,
				5A78067A2BFB9A36006FE43E /* Products */,
			);
			sourceTree = "<group>";
		};
		5A78067A2BFB9A36006FE43E /* Products */ = {
			isa = PBXGroup;
			children = (
				5A7806792BFB9A36006FE43E /* ObservedOrState.app */,
				5A7806892BFB9A38006FE43E /* ObservedOrStateTests.xctest */,
				5A7806932BFB9A38006FE43E /* ObservedOrStateUITests.xctest */,
			);
			name = Products;
			sourceTree = "<group>";
		};
		5A78067B2BFB9A36006FE43E /* ObservedOrState */ = {
			isa = PBXGroup;
			children = (
				5A78067C2BFB9A36006FE43E /* ObservedOrStateApp.swift */,
				5A78067E2BFB9A36006FE43E /* ContentView.swift */,
				5A7806802BFB9A37006FE43E /* Assets.xcassets */,
				5A7806822BFB9A37006FE43E /* Preview Content */,
			);
			path = ObservedOrState;
			sourceTree = "<group>";
		};
		5A7806822BFB9A37006FE43E /* Preview Content */ = {
			isa = PBXGroup;
			children = (
				5A7806832BFB9A37006FE43E /* Preview Assets.xcassets */,
			);
			path = "Preview Content";
			sourceTree = "<group>";
		};
		5A78068C2BFB9A38006FE43E /* ObservedOrStateTests */ = {
			isa = PBXGroup;
			children = (
				5A78068D2BFB9A38006FE43E /* ObservedOrStateTests.swift */,
			);
			path = ObservedOrStateTests;
			sourceTree = "<group>";
		};
		5A7806962BFB9A38006FE43E /* ObservedOrStateUITests */ = {
			isa = PBXGroup;
			children = (
				5A7806972BFB9A38006FE43E /* ObservedOrStateUITests.swift */,
				5A7806992BFB9A38006FE43E /* ObservedOrStateUITestsLaunchTests.swift */,
			);
			path = ObservedOrStateUITests;
			sourceTree = "<group>";
		};
/* End PBXGroup section */

/* Begin PBXNativeTarget section */
		5A7806782BFB9A36006FE43E /* ObservedOrState */ = {
			isa = PBXNativeTarget;
			buildConfigurationList = 5A78069D2BFB9A38006FE43E /* Build configuration list for PBXNativeTarget "ObservedOrState" */;
			buildPhases = (
				5A7806752BFB9A36006FE43E /* Sources */,
				5A7806762BFB9A36006FE43E /* Frameworks */,
				5A7806772BFB9A36006FE43E /* Resources */,
			);
			buildRules = (
			);
			dependencies = (
			);
			name = ObservedOrState;
			productName = ObservedOrState;
			productReference = 5A7806792BFB9A36006FE43E /* ObservedOrState.app */;
			productType = "com.apple.product-type.application";
		};
		5A7806882BFB9A38006FE43E /* ObservedOrStateTests */ = {
			isa = PBXNativeTarget;
			buildConfigurationList = 5A7806A02BFB9A38006FE43E /* Build configuration list for PBXNativeTarget "ObservedOrStateTests" */;
			buildPhases = (
				5A7806852BFB9A38006FE43E /* Sources */,
				5A7806862BFB9A38006FE43E /* Frameworks */,
				5A7806872BFB9A38006FE43E /* Resources */,
			);
			buildRules = (
			);
			dependencies = (
				5A78068B2BFB9A38006FE43E /* PBXTargetDependency */,
			);
			name = ObservedOrStateTests;
			productName = ObservedOrStateTests;
			productReference = 5A7806892BFB9A38006FE43E /* ObservedOrStateTests.xctest */;
			productType = "com.apple.product-type.bundle.unit-test";
		};
		5A7806922BFB9A38006FE43E /* ObservedOrStateUITests */ = {
			isa = PBXNativeTarget;
			buildConfigurationList = 5A7806A32BFB9A38006FE43E /* Build configuration list for PBXNativeTarget "ObservedOrStateUITests" */;
			buildPhases = (
				5A78068F2BFB9A38006FE43E /* Sources */,
				5A7806902BFB9A38006FE43E /* Frameworks */,
				5A7806912BFB9A38006FE43E /* Resources */,
			);
			buildRules = (
			);
			dependencies = (
				5A7806952BFB9A38006FE43E /* PBXTargetDependency */,
			);
			name = ObservedOrStateUITests;
			productName = ObservedOrStateUITests;
			productReference = 5A7806932BFB9A38006FE43E /* ObservedOrStateUITests.xctest */;
			productType = "com.apple.product-type.bundle.ui-testing";
		};
/* End PBXNativeTarget section */

/* Begin PBXProject section */
		5A7806712BFB9A36006FE43E /* Project object */ = {
			isa = PBXProject;
			attributes = {
				BuildIndependentTargetsInParallel = 1;
				LastSwiftUpdateCheck = 1520;
				LastUpgradeCheck = 1520;
				TargetAttributes = {
					5A7806782BFB9A36006FE43E = {
						CreatedOnToolsVersion = 15.2;
					};
					5A7806882BFB9A38006FE43E = {
						CreatedOnToolsVersion = 15.2;
						TestTargetID = 5A7806782BFB9A36006FE43E;
					};
					5A7806922BFB9A38006FE43E = {
						CreatedOnToolsVersion = 15.2;
						TestTargetID = 5A7806782BFB9A36006FE43E;
					};
				};
			};
			buildConfigurationList = 5A7806742BFB9A36006FE43E /* Build configuration list for PBXProject "ObservedOrState" */;
			compatibilityVersion = "Xcode 14.0";
			developmentRegion = en;
			hasScannedForEncodings = 0;
			knownRegions = (
				en,
				Base,
			);
			mainGroup = 5A7806702BFB9A36006FE43E;
			productRefGroup = 5A78067A2BFB9A36006FE43E /* Products */;
			projectDirPath = "";
			projectRoot = "";
			targets = (
				5A7806782BFB9A36006FE43E /* ObservedOrState */,
				5A7806882BFB9A38006FE43E /* ObservedOrStateTests */,
				5A7806922BFB9A38006FE43E /* ObservedOrStateUITests */,
			);
		};
/* End PBXProject section */

/* Begin PBXResourcesBuildPhase section */
		5A7806772BFB9A36006FE43E /* Resources */ = {
			isa = PBXResourcesBuildPhase;
			buildActionMask = 2147483647;
			files = (
				5A7806842BFB9A37006FE43E /* Preview Assets.xcassets in Resources */,
				5A7806812BFB9A37006FE43E /* Assets.xcassets in Resources */,
			);
			runOnlyForDeploymentPostprocessing = 0;
		};
		5A7806872BFB9A38006FE43E /* Resources */ = {
			isa = PBXResourcesBuildPhase;
			buildActionMask = 2147483647;
			files = (
			);
			runOnlyForDeploymentPostprocessing = 0;
		};
		5A7806912BFB9A38006FE43E /* Resources */ = {
			isa = PBXResourcesBuildPhase;
			buildActionMask = 2147483647;
			files = (
			);
			runOnlyForDeploymentPostprocessing = 0;
		};
/* End PBXResourcesBuildPhase section */

/* Begin PBXSourcesBuildPhase section */
		5A7806752BFB9A36006FE43E /* Sources */ = {
			isa = PBXSourcesBuildPhase;
			buildActionMask = 2147483647;
			files = (
				5A78067F2BFB9A36006FE43E /* ContentView.swift in Sources */,
				5A78067D2BFB9A36006FE43E /* ObservedOrStateApp.swift in Sources */,
			);
			runOnlyForDeploymentPostprocessing = 0;
		};
		5A7806852BFB9A38006FE43E /* Sources */ = {
			isa = PBXSourcesBuildPhase;
			buildActionMask = 2147483647;
			files = (
				5A78068E2BFB9A38006FE43E /* ObservedOrStateTests.swift in Sources */,
			);
			runOnlyForDeploymentPostprocessing = 0;
		};
		5A78068F2BFB9A38006FE43E /* Sources */ = {
			isa = PBXSourcesBuildPhase;
			buildActionMask = 2147483647;
			files = (
				5A7806982BFB9A38006FE43E /* ObservedOrStateUITests.swift in Sources */,
				5A78069A2BFB9A38006FE43E /* ObservedOrStateUITestsLaunchTests.swift in Sources */,
			);
			runOnlyForDeploymentPostprocessing = 0;
		};
/* End PBXSourcesBuildPhase section */

/* Begin PBXTargetDependency section */
		5A78068B2BFB9A38006FE43E /* PBXTargetDependency */ = {
			isa = PBXTargetDependency;
			target = 5A7806782BFB9A36006FE43E /* ObservedOrState */;
			targetProxy = 5A78068A2BFB9A38006FE43E /* PBXContainerItemProxy */;
		};
		5A7806952BFB9A38006FE43E /* PBXTargetDependency */ = {
			isa = PBXTargetDependency;
			target = 5A7806782BFB9A36006FE43E /* ObservedOrState */;
			targetProxy = 5A7806942BFB9A38006FE43E /* PBXContainerItemProxy */;
		};
/* End PBXTargetDependency section */

/* Begin XCBuildConfiguration section */
		5A78069B2BFB9A38006FE43E /* Debug */ = {
			isa = XCBuildConfiguration;
			buildSettings = {
				ALWAYS_SEARCH_USER_PATHS = NO;
				ASSETCATALOG_COMPILER_GENERATE_SWIFT_ASSET_SYMBOL_EXTENSIONS = YES;
				CLANG_ANALYZER_NONNULL = YES;
				CLANG_ANALYZER_NUMBER_OBJECT_CONVERSION = YES_AGGRESSIVE;
				CLANG_CXX_LANGUAGE_STANDARD = "gnu++20";
				CLANG_ENABLE_MODULES = YES;
				CLANG_ENABLE_OBJC_ARC = YES;
				CLANG_ENABLE_OBJC_WEAK = YES;
				CLANG_WARN_BLOCK_CAPTURE_AUTORELEASING = YES;
				CLANG_WARN_BOOL_CONVERSION = YES;
				CLANG_WARN_COMMA = YES;
				CLANG_WARN_CONSTANT_CONVERSION = YES;
				CLANG_WARN_DEPRECATED_OBJC_IMPLEMENTATIONS = YES;
				CLANG_WARN_DIRECT_OBJC_ISA_USAGE = YES_ERROR;
				CLANG_WARN_DOCUMENTATION_COMMENTS = YES;
				CLANG_WARN_EMPTY_BODY = YES;
				CLANG_WARN_ENUM_CONVERSION = YES;
				CLANG_WARN_INFINITE_RECURSION = YES;
				CLANG_WARN_INT_CONVERSION = YES;
				CLANG_WARN_NON_LITERAL_NULL_CONVERSION = YES;
				CLANG_WARN_OBJC_IMPLICIT_RETAIN_SELF = YES;
				CLANG_WARN_OBJC_LITERAL_CONVERSION = YES;
				CLANG_WARN_OBJC_ROOT_CLASS = YES_ERROR;
				CLANG_WARN_QUOTED_INCLUDE_IN_FRAMEWORK_HEADER = YES;
				CLANG_WARN_RANGE_LOOP_ANALYSIS = YES;
				CLANG_WARN_STRICT_PROTOTYPES = YES;
				CLANG_WARN_SUSPICIOUS_MOVE = YES;
				CLANG_WARN_UNGUARDED_AVAILABILITY = YES_AGGRESSIVE;
				CLANG_WARN_UNREACHABLE_CODE = YES;
				CLANG_WARN__DUPLICATE_METHOD_MATCH = YES;
				COPY_PHASE_STRIP = NO;
				DEBUG_INFORMATION_FORMAT = dwarf;
				ENABLE_STRICT_OBJC_MSGSEND = YES;
				ENABLE_TESTABILITY = YES;
				ENABLE_USER_SCRIPT_SANDBOXING = YES;
				GCC_C_LANGUAGE_STANDARD = gnu17;
				GCC_DYNAMIC_NO_PIC = NO;
				GCC_NO_COMMON_BLOCKS = YES;
				GCC_OPTIMIZATION_LEVEL = 0;
				GCC_PREPROCESSOR_DEFINITIONS = (
					"DEBUG=1",
					"$(inherited)",
				);
				GCC_WARN_64_TO_32_BIT_CONVERSION = YES;
				GCC_WARN_ABOUT_RETURN_TYPE = YES_ERROR;
				GCC_WARN_UNDECLARED_SELECTOR = YES;
				GCC_WARN_UNINITIALIZED_AUTOS = YES_AGGRESSIVE;
				GCC_WARN_UNUSED_FUNCTION = YES;
				GCC_WARN_UNUSED_VARIABLE = YES;
				IPHONEOS_DEPLOYMENT_TARGET = 17.2;
				LOCALIZATION_PREFERS_STRING_CATALOGS = YES;
				MTL_ENABLE_DEBUG_INFO = INCLUDE_SOURCE;
				MTL_FAST_MATH = YES;
				ONLY_ACTIVE_ARCH = YES;
				SDKROOT = iphoneos;
				SWIFT_ACTIVE_COMPILATION_CONDITIONS = "DEBUG $(inherited)";
				SWIFT_OPTIMIZATION_LEVEL = "-Onone";
			};
			name = Debug;
		};
		5A78069C2BFB9A38006FE43E /* Release */ = {
			isa = XCBuildConfiguration;
			buildSettings = {
				ALWAYS_SEARCH_USER_PATHS = NO;
				ASSETCATALOG_COMPILER_GENERATE_SWIFT_ASSET_SYMBOL_EXTENSIONS = YES;
				CLANG_ANALYZER_NONNULL = YES;
				CLANG_ANALYZER_NUMBER_OBJECT_CONVERSION = YES_AGGRESSIVE;
				CLANG_CXX_LANGUAGE_STANDARD = "gnu++20";
				CLANG_ENABLE_MODULES = YES;
				CLANG_ENABLE_OBJC_ARC = YES;
				CLANG_ENABLE_OBJC_WEAK = YES;
				CLANG_WARN_BLOCK_CAPTURE_AUTORELEASING = YES;
				CLANG_WARN_BOOL_CONVERSION = YES;
				CLANG_WARN_COMMA = YES;
				CLANG_WARN_CONSTANT_CONVERSION = YES;
				CLANG_WARN_DEPRECATED_OBJC_IMPLEMENTATIONS = YES;
				CLANG_WARN_DIRECT_OBJC_ISA_USAGE = YES_ERROR;
				CLANG_WARN_DOCUMENTATION_COMMENTS = YES;
				CLANG_WARN_EMPTY_BODY = YES;
				CLANG_WARN_ENUM_CONVERSION = YES;
				CLANG_WARN_INFINITE_RECURSION = YES;
				CLANG_WARN_INT_CONVERSION = YES;
				CLANG_WARN_NON_LITERAL_NULL_CONVERSION = YES;
				CLANG_WARN_OBJC_IMPLICIT_RETAIN_SELF = YES;
				CLANG_WARN_OBJC_LITERAL_CONVERSION = YES;
				CLANG_WARN_OBJC_ROOT_CLASS = YES_ERROR;
				CLANG_WARN_QUOTED_INCLUDE_IN_FRAMEWORK_HEADER = YES;
				CLANG_WARN_RANGE_LOOP_ANALYSIS = YES;
				CLANG_WARN_STRICT_PROTOTYPES = YES;
				CLANG_WARN_SUSPICIOUS_MOVE = YES;
				CLANG_WARN_UNGUARDED_AVAILABILITY = YES_AGGRESSIVE;
				CLANG_WARN_UNREACHABLE_CODE = YES;
				CLANG_WARN__DUPLICATE_METHOD_MATCH = YES;
				COPY_PHASE_STRIP = NO;
				DEBUG_INFORMATION_FORMAT = "dwarf-with-dsym";
				ENABLE_NS_ASSERTIONS = NO;
				ENABLE_STRICT_OBJC_MSGSEND = YES;
				ENABLE_USER_SCRIPT_SANDBOXING = YES;
				GCC_C_LANGUAGE_STANDARD = gnu17;
				GCC_NO_COMMON_BLOCKS = YES;
				GCC_WARN_64_TO_32_BIT_CONVERSION = YES;
				GCC_WARN_ABOUT_RETURN_TYPE = YES_ERROR;
				GCC_WARN_UNDECLARED_SELECTOR = YES;
				GCC_WARN_UNINITIALIZED_AUTOS = YES_AGGRESSIVE;
				GCC_WARN_UNUSED_FUNCTION = YES;
				GCC_WARN_UNUSED_VARIABLE = YES;
				IPHONEOS_DEPLOYMENT_TARGET = 17.2;
				LOCALIZATION_PREFERS_STRING_CATALOGS = YES;
				MTL_ENABLE_DEBUG_INFO = NO;
				MTL_FAST_MATH = YES;
				SDKROOT = iphoneos;
				SWIFT_COMPILATION_MODE = wholemodule;
				VALIDATE_PRODUCT = YES;
			};
			name = Release;
		};
		5A78069E2BFB9A38006FE43E /* Debug */ = {
			isa = XCBuildConfiguration;
			buildSettings = {
				ASSETCATALOG_COMPILER_APPICON_NAME = AppIcon;
				ASSETCATALOG_COMPILER_GLOBAL_ACCENT_COLOR_NAME = AccentColor;
				CODE_SIGN_STYLE = Automatic;
				CURRENT_PROJECT_VERSION = 1;
				DEVELOPMENT_ASSET_PATHS = "\"ObservedOrState/Preview Content\"";
				DEVELOPMENT_TEAM = VGKE7KP8GF;
				ENABLE_PREVIEWS = YES;
				GENERATE_INFOPLIST_FILE = YES;
				INFOPLIST_KEY_UIApplicationSceneManifest_Generation = YES;
				INFOPLIST_KEY_UIApplicationSupportsIndirectInputEvents = YES;
				INFOPLIST_KEY_UILaunchScreen_Generation = YES;
				INFOPLIST_KEY_UISupportedInterfaceOrientations_iPad = "UIInterfaceOrientationPortrait UIInterfaceOrientationPortraitUpsideDown UIInterfaceOrientationLandscapeLeft UIInterfaceOrientationLandscapeRight";
				INFOPLIST_KEY_UISupportedInterfaceOrientations_iPhone = "UIInterfaceOrientationPortrait UIInterfaceOrientationLandscapeLeft UIInterfaceOrientationLandscapeRight";
				LD_RUNPATH_SEARCH_PATHS = (
					"$(inherited)",
					"@executable_path/Frameworks",
				);
				MARKETING_VERSION = 1.0;
				PRODUCT_BUNDLE_IDENTIFIER = com.vinamelody.xr.ObservedOrState;
				PRODUCT_NAME = "$(TARGET_NAME)";
				SWIFT_EMIT_LOC_STRINGS = YES;
				SWIFT_VERSION = 5.0;
				TARGETED_DEVICE_FAMILY = "1,2";
			};
			name = Debug;
		};
		5A78069F2BFB9A38006FE43E /* Release */ = {
			isa = XCBuildConfiguration;
			buildSettings = {
				ASSETCATALOG_COMPILER_APPICON_NAME = AppIcon;
				ASSETCATALOG_COMPILER_GLOBAL_ACCENT_COLOR_NAME = AccentColor;
				CODE_SIGN_STYLE = Automatic;
				CURRENT_PROJECT_VERSION = 1;
				DEVELOPMENT_ASSET_PATHS = "\"ObservedOrState/Preview Content\"";
				DEVELOPMENT_TEAM = VGKE7KP8GF;
				ENABLE_PREVIEWS = YES;
				GENERATE_INFOPLIST_FILE = YES;
				INFOPLIST_KEY_UIApplicationSceneManifest_Generation = YES;
				INFOPLIST_KEY_UIApplicationSupportsIndirectInputEvents = YES;
				INFOPLIST_KEY_UILaunchScreen_Generation = YES;
				INFOPLIST_KEY_UISupportedInterfaceOrientations_iPad = "UIInterfaceOrientationPortrait UIInterfaceOrientationPortraitUpsideDown UIInterfaceOrientationLandscapeLeft UIInterfaceOrientationLandscapeRight";
				INFOPLIST_KEY_UISupportedInterfaceOrientations_iPhone = "UIInterfaceOrientationPortrait UIInterfaceOrientationLandscapeLeft UIInterfaceOrientationLandscapeRight";
				LD_RUNPATH_SEARCH_PATHS = (
					"$(inherited)",
					"@executable_path/Frameworks",
				);
				MARKETING_VERSION = 1.0;
				PRODUCT_BUNDLE_IDENTIFIER = com.vinamelody.xr.ObservedOrState;
				PRODUCT_NAME = "$(TARGET_NAME)";
				SWIFT_EMIT_LOC_STRINGS = YES;
				SWIFT_VERSION = 5.0;
				TARGETED_DEVICE_FAMILY = "1,2";
			};
			name = Release;
		};
		5A7806A12BFB9A38006FE43E /* Debug */ = {
			isa = XCBuildConfiguration;
			buildSettings = {
				ALWAYS_EMBED_SWIFT_STANDARD_LIBRARIES = YES;
				BUNDLE_LOADER = "$(TEST_HOST)";
				CODE_SIGN_STYLE = Automatic;
				CURRENT_PROJECT_VERSION = 1;
				DEVELOPMENT_TEAM = VGKE7KP8GF;
				GENERATE_INFOPLIST_FILE = YES;
				IPHONEOS_DEPLOYMENT_TARGET = 17.2;
				MARKETING_VERSION = 1.0;
				PRODUCT_BUNDLE_IDENTIFIER = com.vinamelody.xr.ObservedOrStateTests;
				PRODUCT_NAME = "$(TARGET_NAME)";
				SWIFT_EMIT_LOC_STRINGS = NO;
				SWIFT_VERSION = 5.0;
				TARGETED_DEVICE_FAMILY = "1,2";
				TEST_HOST = "$(BUILT_PRODUCTS_DIR)/ObservedOrState.app/$(BUNDLE_EXECUTABLE_FOLDER_PATH)/ObservedOrState";
			};
			name = Debug;
		};
		5A7806A22BFB9A38006FE43E /* Release */ = {
			isa = XCBuildConfiguration;
			buildSettings = {
				ALWAYS_EMBED_SWIFT_STANDARD_LIBRARIES = YES;
				BUNDLE_LOADER = "$(TEST_HOST)";
				CODE_SIGN_STYLE = Automatic;
				CURRENT_PROJECT_VERSION = 1;
				DEVELOPMENT_TEAM = VGKE7KP8GF;
				GENERATE_INFOPLIST_FILE = YES;
				IPHONEOS_DEPLOYMENT_TARGET = 17.2;
				MARKETING_VERSION = 1.0;
				PRODUCT_BUNDLE_IDENTIFIER = com.vinamelody.xr.ObservedOrStateTests;
				PRODUCT_NAME = "$(TARGET_NAME)";
				SWIFT_EMIT_LOC_STRINGS = NO;
				SWIFT_VERSION = 5.0;
				TARGETED_DEVICE_FAMILY = "1,2";
				TEST_HOST = "$(BUILT_PRODUCTS_DIR)/ObservedOrState.app/$(BUNDLE_EXECUTABLE_FOLDER_PATH)/ObservedOrState";
			};
			name = Release;
		};
		5A7806A42BFB9A38006FE43E /* Debug */ = {
			isa = XCBuildConfiguration;
			buildSettings = {
				ALWAYS_EMBED_SWIFT_STANDARD_LIBRARIES = YES;
				CODE_SIGN_STYLE = Automatic;
				CURRENT_PROJECT_VERSION = 1;
				DEVELOPMENT_TEAM = VGKE7KP8GF;
				GENERATE_INFOPLIST_FILE = YES;
				MARKETING_VERSION = 1.0;
				PRODUCT_BUNDLE_IDENTIFIER = com.vinamelody.xr.ObservedOrStateUITests;
				PRODUCT_NAME = "$(TARGET_NAME)";
				SWIFT_EMIT_LOC_STRINGS = NO;
				SWIFT_VERSION = 5.0;
				TARGETED_DEVICE_FAMILY = "1,2";
				TEST_TARGET_NAME = ObservedOrState;
			};
			name = Debug;
		};
		5A7806A52BFB9A38006FE43E /* Release */ = {
			isa = XCBuildConfiguration;
			buildSettings = {
				ALWAYS_EMBED_SWIFT_STANDARD_LIBRARIES = YES;
				CODE_SIGN_STYLE = Automatic;
				CURRENT_PROJECT_VERSION = 1;
				DEVELOPMENT_TEAM = VGKE7KP8GF;
				GENERATE_INFOPLIST_FILE = YES;
				MARKETING_VERSION = 1.0;
				PRODUCT_BUNDLE_IDENTIFIER = com.vinamelody.xr.ObservedOrStateUITests;
				PRODUCT_NAME = "$(TARGET_NAME)";
				SWIFT_EMIT_LOC_STRINGS = NO;
				SWIFT_VERSION = 5.0;
				TARGETED_DEVICE_FAMILY = "1,2";
				TEST_TARGET_NAME = ObservedOrState;
			};
			name = Release;
		};
/* End XCBuildConfiguration section */

/* Begin XCConfigurationList section */
		5A7806742BFB9A36006FE43E /* Build configuration list for PBXProject "ObservedOrState" */ = {
			isa = XCConfigurationList;
			buildConfigurations = (
				5A78069B2BFB9A38006FE43E /* Debug */,
				5A78069C2BFB9A38006FE43E /* Release */,
			);
			defaultConfigurationIsVisible = 0;
			defaultConfigurationName = Release;
		};
		5A78069D2BFB9A38006FE43E /* Build configuration list for PBXNativeTarget "ObservedOrState" */ = {
			isa = XCConfigurationList;
			buildConfigurations = (
				5A78069E2BFB9A38006FE43E /* Debug */,
				5A78069F2BFB9A38006FE43E /* Release */,
			);
			defaultConfigurationIsVisible = 0;
			defaultConfigurationName = Release;
		};
		5A7806A02BFB9A38006FE43E /* Build configuration list for PBXNativeTarget "ObservedOrStateTests" */ = {
			isa = XCConfigurationList;
			buildConfigurations = (
				5A7806A12BFB9A38006FE43E /* Debug */,
				5A7806A22BFB9A38006FE43E /* Release */,
			);
			defaultConfigurationIsVisible = 0;
			defaultConfigurationName = Release;
		};
		5A7806A32BFB9A38006FE43E /* Build configuration list for PBXNativeTarget "ObservedOrStateUITests" */ = {
			isa = XCConfigurationList;
			buildConfigurations = (
				5A7806A42BFB9A38006FE43E /* Debug */,
				5A7806A52BFB9A38006FE43E /* Release */,
			);
			defaultConfigurationIsVisible = 0;
			defaultConfigurationName = Release;
		};
/* End XCConfigurationList section */
	};
	rootObject = 5A7806712BFB9A36006FE43E /* Project object */;
}
